// !$*UTF8*$!
{
	archiveVersion = 1;
	classes = {
	};
	objectVersion = 48;
	objects = {

/* Begin PBXBuildFile section */
		CC48E2631FEBEF0700575908 /* AppDelegate.swift in Sources */ = {isa = PBXBuildFile; fileRef = CC48E2621FEBEF0700575908 /* AppDelegate.swift */; };
		CC48E2651FEBEF0700575908 /* ViewController.swift in Sources */ = {isa = PBXBuildFile; fileRef = CC48E2641FEBEF0700575908 /* ViewController.swift */; };
		CC48E2681FEBEF0700575908 /* Main.storyboard in Resources */ = {isa = PBXBuildFile; fileRef = CC48E2661FEBEF0700575908 /* Main.storyboard */; };
		CC48E26A1FEBEF0700575908 /* Assets.xcassets in Resources */ = {isa = PBXBuildFile; fileRef = CC48E2691FEBEF0700575908 /* Assets.xcassets */; };
		CC48E26D1FEBEF0700575908 /* LaunchScreen.storyboard in Resources */ = {isa = PBXBuildFile; fileRef = CC48E26B1FEBEF0700575908 /* LaunchScreen.storyboard */; };
		CC48E2781FEBEF0700575908 /* EventryTests.swift in Sources */ = {isa = PBXBuildFile; fileRef = CC48E2771FEBEF0700575908 /* EventryTests.swift */; };
		CC48E2831FEBEF0700575908 /* EventryUITests.swift in Sources */ = {isa = PBXBuildFile; fileRef = CC48E2821FEBEF0700575908 /* EventryUITests.swift */; };
		CC48E2931FEBEF2D00575908 /* RxCocoa.framework in Frameworks */ = {isa = PBXBuildFile; fileRef = CC48E2911FEBEF2D00575908 /* RxCocoa.framework */; };
		CC48E2941FEBEF2D00575908 /* RxSwift.framework in Frameworks */ = {isa = PBXBuildFile; fileRef = CC48E2921FEBEF2D00575908 /* RxSwift.framework */; };
/* End PBXBuildFile section */

/* Begin PBXContainerItemProxy section */
		CC48E2741FEBEF0700575908 /* PBXContainerItemProxy */ = {
			isa = PBXContainerItemProxy;
			containerPortal = CC48E2571FEBEF0700575908 /* Project object */;
			proxyType = 1;
			remoteGlobalIDString = CC48E25E1FEBEF0700575908;
			remoteInfo = Eventry;
		};
		CC48E27F1FEBEF0700575908 /* PBXContainerItemProxy */ = {
			isa = PBXContainerItemProxy;
			containerPortal = CC48E2571FEBEF0700575908 /* Project object */;
			proxyType = 1;
			remoteGlobalIDString = CC48E25E1FEBEF0700575908;
			remoteInfo = Eventry;
		};
/* End PBXContainerItemProxy section */

/* Begin PBXFileReference section */
		CC48E25F1FEBEF0700575908 /* Eventry.app */ = {isa = PBXFileReference; explicitFileType = wrapper.application; includeInIndex = 0; path = Eventry.app; sourceTree = BUILT_PRODUCTS_DIR; };
		CC48E2621FEBEF0700575908 /* AppDelegate.swift */ = {isa = PBXFileReference; lastKnownFileType = sourcecode.swift; path = AppDelegate.swift; sourceTree = "<group>"; };
		CC48E2641FEBEF0700575908 /* ViewController.swift */ = {isa = PBXFileReference; lastKnownFileType = sourcecode.swift; path = ViewController.swift; sourceTree = "<group>"; };
		CC48E2671FEBEF0700575908 /* Base */ = {isa = PBXFileReference; lastKnownFileType = file.storyboard; name = Base; path = Base.lproj/Main.storyboard; sourceTree = "<group>"; };
		CC48E2691FEBEF0700575908 /* Assets.xcassets */ = {isa = PBXFileReference; lastKnownFileType = folder.assetcatalog; path = Assets.xcassets; sourceTree = "<group>"; };
		CC48E26C1FEBEF0700575908 /* Base */ = {isa = PBXFileReference; lastKnownFileType = file.storyboard; name = Base; path = Base.lproj/LaunchScreen.storyboard; sourceTree = "<group>"; };
		CC48E26E1FEBEF0700575908 /* Info.plist */ = {isa = PBXFileReference; lastKnownFileType = text.plist.xml; path = Info.plist; sourceTree = "<group>"; };
		CC48E2731FEBEF0700575908 /* EventryTests.xctest */ = {isa = PBXFileReference; explicitFileType = wrapper.cfbundle; includeInIndex = 0; path = EventryTests.xctest; sourceTree = BUILT_PRODUCTS_DIR; };
		CC48E2771FEBEF0700575908 /* EventryTests.swift */ = {isa = PBXFileReference; lastKnownFileType = sourcecode.swift; path = EventryTests.swift; sourceTree = "<group>"; };
		CC48E2791FEBEF0700575908 /* Info.plist */ = {isa = PBXFileReference; lastKnownFileType = text.plist.xml; path = Info.plist; sourceTree = "<group>"; };
		CC48E27E1FEBEF0700575908 /* EventryUITests.xctest */ = {isa = PBXFileReference; explicitFileType = wrapper.cfbundle; includeInIndex = 0; path = EventryUITests.xctest; sourceTree = BUILT_PRODUCTS_DIR; };
		CC48E2821FEBEF0700575908 /* EventryUITests.swift */ = {isa = PBXFileReference; lastKnownFileType = sourcecode.swift; path = EventryUITests.swift; sourceTree = "<group>"; };
		CC48E2841FEBEF0700575908 /* Info.plist */ = {isa = PBXFileReference; lastKnownFileType = text.plist.xml; path = Info.plist; sourceTree = "<group>"; };
		CC48E2911FEBEF2D00575908 /* RxCocoa.framework */ = {isa = PBXFileReference; lastKnownFileType = wrapper.framework; name = RxCocoa.framework; path = Carthage/Build/iOS/RxCocoa.framework; sourceTree = "<group>"; };
		CC48E2921FEBEF2D00575908 /* RxSwift.framework */ = {isa = PBXFileReference; lastKnownFileType = wrapper.framework; name = RxSwift.framework; path = Carthage/Build/iOS/RxSwift.framework; sourceTree = "<group>"; };
/* End PBXFileReference section */

/* Begin PBXFrameworksBuildPhase section */
		CC48E25C1FEBEF0700575908 /* Frameworks */ = {
			isa = PBXFrameworksBuildPhase;
			buildActionMask = 2147483647;
			files = (
				CC48E2931FEBEF2D00575908 /* RxCocoa.framework in Frameworks */,
				CC48E2941FEBEF2D00575908 /* RxSwift.framework in Frameworks */,
			);
			runOnlyForDeploymentPostprocessing = 0;
		};
		CC48E2701FEBEF0700575908 /* Frameworks */ = {
			isa = PBXFrameworksBuildPhase;
			buildActionMask = 2147483647;
			files = (
			);
			runOnlyForDeploymentPostprocessing = 0;
		};
		CC48E27B1FEBEF0700575908 /* Frameworks */ = {
			isa = PBXFrameworksBuildPhase;
			buildActionMask = 2147483647;
			files = (
			);
			runOnlyForDeploymentPostprocessing = 0;
		};
/* End PBXFrameworksBuildPhase section */

/* Begin PBXGroup section */
		CC48E2561FEBEF0700575908 = {
			isa = PBXGroup;
			children = (
				CC48E2611FEBEF0700575908 /* Eventry */,
				CC48E2761FEBEF0700575908 /* EventryTests */,
				CC48E2811FEBEF0700575908 /* EventryUITests */,
				CC48E2601FEBEF0700575908 /* Products */,
				CC48E2901FEBEF2D00575908 /* Frameworks */,
			);
			sourceTree = "<group>";
		};
		CC48E2601FEBEF0700575908 /* Products */ = {
			isa = PBXGroup;
			children = (
				CC48E25F1FEBEF0700575908 /* Eventry.app */,
				CC48E2731FEBEF0700575908 /* EventryTests.xctest */,
				CC48E27E1FEBEF0700575908 /* EventryUITests.xctest */,
			);
			name = Products;
			sourceTree = "<group>";
		};
		CC48E2611FEBEF0700575908 /* Eventry */ = {
			isa = PBXGroup;
			children = (
				CC48E2621FEBEF0700575908 /* AppDelegate.swift */,
				CC48E2641FEBEF0700575908 /* ViewController.swift */,
				CC48E2661FEBEF0700575908 /* Main.storyboard */,
				CC48E2691FEBEF0700575908 /* Assets.xcassets */,
				CC48E26B1FEBEF0700575908 /* LaunchScreen.storyboard */,
				CC48E26E1FEBEF0700575908 /* Info.plist */,
			);
			path = Eventry;
			sourceTree = "<group>";
		};
		CC48E2761FEBEF0700575908 /* EventryTests */ = {
			isa = PBXGroup;
			children = (
				CC48E2771FEBEF0700575908 /* EventryTests.swift */,
				CC48E2791FEBEF0700575908 /* Info.plist */,
			);
			path = EventryTests;
			sourceTree = "<group>";
		};
		CC48E2811FEBEF0700575908 /* EventryUITests */ = {
			isa = PBXGroup;
			children = (
				CC48E2821FEBEF0700575908 /* EventryUITests.swift */,
				CC48E2841FEBEF0700575908 /* Info.plist */,
			);
			path = EventryUITests;
			sourceTree = "<group>";
		};
		CC48E2901FEBEF2D00575908 /* Frameworks */ = {
			isa = PBXGroup;
			children = (
				CC48E2911FEBEF2D00575908 /* RxCocoa.framework */,
				CC48E2921FEBEF2D00575908 /* RxSwift.framework */,
			);
			name = Frameworks;
			sourceTree = "<group>";
		};
/* End PBXGroup section */

/* Begin PBXNativeTarget section */
		CC48E25E1FEBEF0700575908 /* Eventry */ = {
			isa = PBXNativeTarget;
			buildConfigurationList = CC48E2871FEBEF0700575908 /* Build configuration list for PBXNativeTarget "Eventry" */;
			buildPhases = (
				CC48E25B1FEBEF0700575908 /* Sources */,
				CC48E25C1FEBEF0700575908 /* Frameworks */,
				CC48E25D1FEBEF0700575908 /* Resources */,
				CC48E2951FEBEF4700575908 /* Carthage */,
			);
			buildRules = (
			);
			dependencies = (
			);
			name = Eventry;
			productName = Eventry;
			productReference = CC48E25F1FEBEF0700575908 /* Eventry.app */;
			productType = "com.apple.product-type.application";
		};
		CC48E2721FEBEF0700575908 /* EventryTests */ = {
			isa = PBXNativeTarget;
			buildConfigurationList = CC48E28A1FEBEF0700575908 /* Build configuration list for PBXNativeTarget "EventryTests" */;
			buildPhases = (
				CC48E26F1FEBEF0700575908 /* Sources */,
				CC48E2701FEBEF0700575908 /* Frameworks */,
				CC48E2711FEBEF0700575908 /* Resources */,
			);
			buildRules = (
			);
			dependencies = (
				CC48E2751FEBEF0700575908 /* PBXTargetDependency */,
			);
			name = EventryTests;
			productName = EventryTests;
			productReference = CC48E2731FEBEF0700575908 /* EventryTests.xctest */;
			productType = "com.apple.product-type.bundle.unit-test";
		};
		CC48E27D1FEBEF0700575908 /* EventryUITests */ = {
			isa = PBXNativeTarget;
			buildConfigurationList = CC48E28D1FEBEF0700575908 /* Build configuration list for PBXNativeTarget "EventryUITests" */;
			buildPhases = (
				CC48E27A1FEBEF0700575908 /* Sources */,
				CC48E27B1FEBEF0700575908 /* Frameworks */,
				CC48E27C1FEBEF0700575908 /* Resources */,
			);
			buildRules = (
			);
			dependencies = (
				CC48E2801FEBEF0700575908 /* PBXTargetDependency */,
			);
			name = EventryUITests;
			productName = EventryUITests;
			productReference = CC48E27E1FEBEF0700575908 /* EventryUITests.xctest */;
			productType = "com.apple.product-type.bundle.ui-testing";
		};
/* End PBXNativeTarget section */

/* Begin PBXProject section */
		CC48E2571FEBEF0700575908 /* Project object */ = {
			isa = PBXProject;
			attributes = {
				LastSwiftUpdateCheck = 0920;
				LastUpgradeCheck = 0920;
				TargetAttributes = {
					CC48E25E1FEBEF0700575908 = {
						CreatedOnToolsVersion = 9.2;
						ProvisioningStyle = Automatic;
					};
					CC48E2721FEBEF0700575908 = {
						CreatedOnToolsVersion = 9.2;
						ProvisioningStyle = Automatic;
						TestTargetID = CC48E25E1FEBEF0700575908;
					};
					CC48E27D1FEBEF0700575908 = {
						CreatedOnToolsVersion = 9.2;
						ProvisioningStyle = Automatic;
						TestTargetID = CC48E25E1FEBEF0700575908;
					};
				};
			};
			buildConfigurationList = CC48E25A1FEBEF0700575908 /* Build configuration list for PBXProject "Eventry" */;
			compatibilityVersion = "Xcode 8.0";
			developmentRegion = en;
			hasScannedForEncodings = 0;
			knownRegions = (
				en,
				Base,
			);
			mainGroup = CC48E2561FEBEF0700575908;
			productRefGroup = CC48E2601FEBEF0700575908 /* Products */;
			projectDirPath = "";
			projectRoot = "";
			targets = (
				CC48E25E1FEBEF0700575908 /* Eventry */,
				CC48E2721FEBEF0700575908 /* EventryTests */,
				CC48E27D1FEBEF0700575908 /* EventryUITests */,
			);
		};
/* End PBXProject section */

/* Begin PBXResourcesBuildPhase section */
		CC48E25D1FEBEF0700575908 /* Resources */ = {
			isa = PBXResourcesBuildPhase;
			buildActionMask = 2147483647;
			files = (
				CC48E26D1FEBEF0700575908 /* LaunchScreen.storyboard in Resources */,
				CC48E26A1FEBEF0700575908 /* Assets.xcassets in Resources */,
				CC48E2681FEBEF0700575908 /* Main.storyboard in Resources */,
			);
			runOnlyForDeploymentPostprocessing = 0;
		};
		CC48E2711FEBEF0700575908 /* Resources */ = {
			isa = PBXResourcesBuildPhase;
			buildActionMask = 2147483647;
			files = (
			);
			runOnlyForDeploymentPostprocessing = 0;
		};
		CC48E27C1FEBEF0700575908 /* Resources */ = {
			isa = PBXResourcesBuildPhase;
			buildActionMask = 2147483647;
			files = (
			);
			runOnlyForDeploymentPostprocessing = 0;
		};
/* End PBXResourcesBuildPhase section */

/* Begin PBXShellScriptBuildPhase section */
		CC48E2951FEBEF4700575908 /* Carthage */ = {
			isa = PBXShellScriptBuildPhase;
			buildActionMask = 2147483647;
			files = (
			);
			inputPaths = (
				"$(SRCROOT)/Carthage/Build/iOS/RxCocoa.framework",
				"$(SRCROOT)/Carthage/Build/iOS/RxSwift.framework",
			);
			name = Carthage;
			outputPaths = (
				"$(BUILT_PRODUCTS_DIR)/$(FRAMEWORKS_FOLDER_PATH)/RxCocoa.framework",
				"$(BUILT_PRODUCTS_DIR)/$(FRAMEWORKS_FOLDER_PATH)/RxSwift.framework",
			);
			runOnlyForDeploymentPostprocessing = 0;
			shellPath = /bin/sh;
			shellScript = "/usr/local/bin/carthage copy-frameworks";
		};
/* End PBXShellScriptBuildPhase section */

/* Begin PBXSourcesBuildPhase section */
		CC48E25B1FEBEF0700575908 /* Sources */ = {
			isa = PBXSourcesBuildPhase;
			buildActionMask = 2147483647;
			files = (
				CC48E2651FEBEF0700575908 /* ViewController.swift in Sources */,
				CC48E2631FEBEF0700575908 /* AppDelegate.swift in Sources */,
			);
			runOnlyForDeploymentPostprocessing = 0;
		};
		CC48E26F1FEBEF0700575908 /* Sources */ = {
			isa = PBXSourcesBuildPhase;
			buildActionMask = 2147483647;
			files = (
				CC48E2781FEBEF0700575908 /* EventryTests.swift in Sources */,
			);
			runOnlyForDeploymentPostprocessing = 0;
		};
		CC48E27A1FEBEF0700575908 /* Sources */ = {
			isa = PBXSourcesBuildPhase;
			buildActionMask = 2147483647;
			files = (
				CC48E2831FEBEF0700575908 /* EventryUITests.swift in Sources */,
			);
			runOnlyForDeploymentPostprocessing = 0;
		};
/* End PBXSourcesBuildPhase section */

/* Begin PBXTargetDependency section */
		CC48E2751FEBEF0700575908 /* PBXTargetDependency */ = {
			isa = PBXTargetDependency;
			target = CC48E25E1FEBEF0700575908 /* Eventry */;
			targetProxy = CC48E2741FEBEF0700575908 /* PBXContainerItemProxy */;
		};
		CC48E2801FEBEF0700575908 /* PBXTargetDependency */ = {
			isa = PBXTargetDependency;
			target = CC48E25E1FEBEF0700575908 /* Eventry */;
			targetProxy = CC48E27F1FEBEF0700575908 /* PBXContainerItemProxy */;
		};
/* End PBXTargetDependency section */

/* Begin PBXVariantGroup section */
		CC48E2661FEBEF0700575908 /* Main.storyboard */ = {
			isa = PBXVariantGroup;
			children = (
				CC48E2671FEBEF0700575908 /* Base */,
			);
			name = Main.storyboard;
			sourceTree = "<group>";
		};
		CC48E26B1FEBEF0700575908 /* LaunchScreen.storyboard */ = {
			isa = PBXVariantGroup;
			children = (
				CC48E26C1FEBEF0700575908 /* Base */,
			);
			name = LaunchScreen.storyboard;
			sourceTree = "<group>";
		};
/* End PBXVariantGroup section */

/* Begin XCBuildConfiguration section */
		CC48E2851FEBEF0700575908 /* Debug */ = {
			isa = XCBuildConfiguration;
			buildSettings = {
				ALWAYS_SEARCH_USER_PATHS = NO;
				CLANG_ANALYZER_NONNULL = YES;
				CLANG_ANALYZER_NUMBER_OBJECT_CONVERSION = YES_AGGRESSIVE;
				CLANG_CXX_LANGUAGE_STANDARD = "gnu++14";
				CLANG_CXX_LIBRARY = "libc++";
				CLANG_ENABLE_MODULES = YES;
				CLANG_ENABLE_OBJC_ARC = YES;
				CLANG_WARN_BLOCK_CAPTURE_AUTORELEASING = YES;
				CLANG_WARN_BOOL_CONVERSION = YES;
				CLANG_WARN_COMMA = YES;
				CLANG_WARN_CONSTANT_CONVERSION = YES;
				CLANG_WARN_DIRECT_OBJC_ISA_USAGE = YES_ERROR;
				CLANG_WARN_DOCUMENTATION_COMMENTS = YES;
				CLANG_WARN_EMPTY_BODY = YES;
				CLANG_WARN_ENUM_CONVERSION = YES;
				CLANG_WARN_INFINITE_RECURSION = YES;
				CLANG_WARN_INT_CONVERSION = YES;
				CLANG_WARN_NON_LITERAL_NULL_CONVERSION = YES;
				CLANG_WARN_OBJC_LITERAL_CONVERSION = YES;
				CLANG_WARN_OBJC_ROOT_CLASS = YES_ERROR;
				CLANG_WARN_RANGE_LOOP_ANALYSIS = YES;
				CLANG_WARN_STRICT_PROTOTYPES = YES;
				CLANG_WARN_SUSPICIOUS_MOVE = YES;
				CLANG_WARN_UNGUARDED_AVAILABILITY = YES_AGGRESSIVE;
				CLANG_WARN_UNREACHABLE_CODE = YES;
				CLANG_WARN__DUPLICATE_METHOD_MATCH = YES;
				CODE_SIGN_IDENTITY = "iPhone Developer";
				COPY_PHASE_STRIP = NO;
				DEBUG_INFORMATION_FORMAT = dwarf;
				ENABLE_STRICT_OBJC_MSGSEND = YES;
				ENABLE_TESTABILITY = YES;
				GCC_C_LANGUAGE_STANDARD = gnu11;
				GCC_DYNAMIC_NO_PIC = NO;
				GCC_NO_COMMON_BLOCKS = YES;
				GCC_OPTIMIZATION_LEVEL = 0;
				GCC_PREPROCESSOR_DEFINITIONS = (
					"DEBUG=1",
					"$(inherited)",
				);
				GCC_WARN_64_TO_32_BIT_CONVERSION = YES;
				GCC_WARN_ABOUT_RETURN_TYPE = YES_ERROR;
				GCC_WARN_UNDECLARED_SELECTOR = YES;
				GCC_WARN_UNINITIALIZED_AUTOS = YES_AGGRESSIVE;
				GCC_WARN_UNUSED_FUNCTION = YES;
				GCC_WARN_UNUSED_VARIABLE = YES;
				IPHONEOS_DEPLOYMENT_TARGET = 11.2;
				MTL_ENABLE_DEBUG_INFO = YES;
				ONLY_ACTIVE_ARCH = YES;
				SDKROOT = iphoneos;
				SWIFT_ACTIVE_COMPILATION_CONDITIONS = DEBUG;
				SWIFT_OPTIMIZATION_LEVEL = "-Onone";
			};
			name = Debug;
		};
		CC48E2861FEBEF0700575908 /* Release */ = {
			isa = XCBuildConfiguration;
			buildSettings = {
				ALWAYS_SEARCH_USER_PATHS = NO;
				CLANG_ANALYZER_NONNULL = YES;
				CLANG_ANALYZER_NUMBER_OBJECT_CONVERSION = YES_AGGRESSIVE;
				CLANG_CXX_LANGUAGE_STANDARD = "gnu++14";
				CLANG_CXX_LIBRARY = "libc++";
				CLANG_ENABLE_MODULES = YES;
				CLANG_ENABLE_OBJC_ARC = YES;
				CLANG_WARN_BLOCK_CAPTURE_AUTORELEASING = YES;
				CLANG_WARN_BOOL_CONVERSION = YES;
				CLANG_WARN_COMMA = YES;
				CLANG_WARN_CONSTANT_CONVERSION = YES;
				CLANG_WARN_DIRECT_OBJC_ISA_USAGE = YES_ERROR;
				CLANG_WARN_DOCUMENTATION_COMMENTS = YES;
				CLANG_WARN_EMPTY_BODY = YES;
				CLANG_WARN_ENUM_CONVERSION = YES;
				CLANG_WARN_INFINITE_RECURSION = YES;
				CLANG_WARN_INT_CONVERSION = YES;
				CLANG_WARN_NON_LITERAL_NULL_CONVERSION = YES;
				CLANG_WARN_OBJC_LITERAL_CONVERSION = YES;
				CLANG_WARN_OBJC_ROOT_CLASS = YES_ERROR;
				CLANG_WARN_RANGE_LOOP_ANALYSIS = YES;
				CLANG_WARN_STRICT_PROTOTYPES = YES;
				CLANG_WARN_SUSPICIOUS_MOVE = YES;
				CLANG_WARN_UNGUARDED_AVAILABILITY = YES_AGGRESSIVE;
				CLANG_WARN_UNREACHABLE_CODE = YES;
				CLANG_WARN__DUPLICATE_METHOD_MATCH = YES;
				CODE_SIGN_IDENTITY = "iPhone Developer";
				COPY_PHASE_STRIP = NO;
				DEBUG_INFORMATION_FORMAT = "dwarf-with-dsym";
				ENABLE_NS_ASSERTIONS = NO;
				ENABLE_STRICT_OBJC_MSGSEND = YES;
				GCC_C_LANGUAGE_STANDARD = gnu11;
				GCC_NO_COMMON_BLOCKS = YES;
				GCC_WARN_64_TO_32_BIT_CONVERSION = YES;
				GCC_WARN_ABOUT_RETURN_TYPE = YES_ERROR;
				GCC_WARN_UNDECLARED_SELECTOR = YES;
				GCC_WARN_UNINITIALIZED_AUTOS = YES_AGGRESSIVE;
				GCC_WARN_UNUSED_FUNCTION = YES;
				GCC_WARN_UNUSED_VARIABLE = YES;
				IPHONEOS_DEPLOYMENT_TARGET = 11.2;
				MTL_ENABLE_DEBUG_INFO = NO;
				SDKROOT = iphoneos;
				SWIFT_OPTIMIZATION_LEVEL = "-Owholemodule";
				VALIDATE_PRODUCT = YES;
			};
			name = Release;
		};
		CC48E2881FEBEF0700575908 /* Debug */ = {
			isa = XCBuildConfiguration;
			buildSettings = {
				ASSETCATALOG_COMPILER_APPICON_NAME = AppIcon;
				CODE_SIGN_STYLE = Automatic;
				DEVELOPMENT_TEAM = Q4XK7FXL9Q;
				FRAMEWORK_SEARCH_PATHS = (
					"$(inherited)",
					"$(PROJECT_DIR)/Carthage/Build/iOS",
				);
				INFOPLIST_FILE = Eventry/Info.plist;
				LD_RUNPATH_SEARCH_PATHS = "$(inherited) @executable_path/Frameworks";
				PRODUCT_BUNDLE_IDENTIFIER = tech.Eventry;
				PRODUCT_NAME = "$(TARGET_NAME)";
				SWIFT_VERSION = 4.0;
				TARGETED_DEVICE_FAMILY = "1,2";
			};
			name = Debug;
		};
		CC48E2891FEBEF0700575908 /* Release */ = {
			isa = XCBuildConfiguration;
			buildSettings = {
				ASSETCATALOG_COMPILER_APPICON_NAME = AppIcon;
				CODE_SIGN_STYLE = Automatic;
				DEVELOPMENT_TEAM = Q4XK7FXL9Q;
				FRAMEWORK_SEARCH_PATHS = (
					"$(inherited)",
					"$(PROJECT_DIR)/Carthage/Build/iOS",
				);
				INFOPLIST_FILE = Eventry/Info.plist;
				LD_RUNPATH_SEARCH_PATHS = "$(inherited) @executable_path/Frameworks";
				PRODUCT_BUNDLE_IDENTIFIER = tech.Eventry;
				PRODUCT_NAME = "$(TARGET_NAME)";
				SWIFT_VERSION = 4.0;
				TARGETED_DEVICE_FAMILY = "1,2";
			};
			name = Release;
		};
		CC48E28B1FEBEF0700575908 /* Debug */ = {
			isa = XCBuildConfiguration;
			buildSettings = {
				ALWAYS_EMBED_SWIFT_STANDARD_LIBRARIES = YES;
				BUNDLE_LOADER = "$(TEST_HOST)";
				CODE_SIGN_STYLE = Automatic;
				DEVELOPMENT_TEAM = Q4XK7FXL9Q;
				INFOPLIST_FILE = EventryTests/Info.plist;
				LD_RUNPATH_SEARCH_PATHS = "$(inherited) @executable_path/Frameworks @loader_path/Frameworks";
				PRODUCT_BUNDLE_IDENTIFIER = tech.EventryTests;
				PRODUCT_NAME = "$(TARGET_NAME)";
				SWIFT_VERSION = 4.0;
				TARGETED_DEVICE_FAMILY = "1,2";
				TEST_HOST = "$(BUILT_PRODUCTS_DIR)/Eventry.app/Eventry";
			};
			name = Debug;
		};
		CC48E28C1FEBEF0700575908 /* Release */ = {
			isa = XCBuildConfiguration;
			buildSettings = {
				ALWAYS_EMBED_SWIFT_STANDARD_LIBRARIES = YES;
				BUNDLE_LOADER = "$(TEST_HOST)";
				CODE_SIGN_STYLE = Automatic;
				DEVELOPMENT_TEAM = Q4XK7FXL9Q;
				INFOPLIST_FILE = EventryTests/Info.plist;
				LD_RUNPATH_SEARCH_PATHS = "$(inherited) @executable_path/Frameworks @loader_path/Frameworks";
				PRODUCT_BUNDLE_IDENTIFIER = tech.EventryTests;
				PRODUCT_NAME = "$(TARGET_NAME)";
				SWIFT_VERSION = 4.0;
				TARGETED_DEVICE_FAMILY = "1,2";
				TEST_HOST = "$(BUILT_PRODUCTS_DIR)/Eventry.app/Eventry";
			};
			name = Release;
		};
		CC48E28E1FEBEF0700575908 /* Debug */ = {
			isa = XCBuildConfiguration;
			buildSettings = {
				ALWAYS_EMBED_SWIFT_STANDARD_LIBRARIES = YES;
				CODE_SIGN_STYLE = Automatic;
				DEVELOPMENT_TEAM = Q4XK7FXL9Q;
				INFOPLIST_FILE = EventryUITests/Info.plist;
				LD_RUNPATH_SEARCH_PATHS = "$(inherited) @executable_path/Frameworks @loader_path/Frameworks";
				PRODUCT_BUNDLE_IDENTIFIER = tech.EventryUITests;
				PRODUCT_NAME = "$(TARGET_NAME)";
				SWIFT_VERSION = 4.0;
				TARGETED_DEVICE_FAMILY = "1,2";
				TEST_TARGET_NAME = Eventry;
			};
			name = Debug;
		};
		CC48E28F1FEBEF0700575908 /* Release */ = {
			isa = XCBuildConfiguration;
			buildSettings = {
				ALWAYS_EMBED_SWIFT_STANDARD_LIBRARIES = YES;
				CODE_SIGN_STYLE = Automatic;
				DEVELOPMENT_TEAM = Q4XK7FXL9Q;
				INFOPLIST_FILE = EventryUITests/Info.plist;
				LD_RUNPATH_SEARCH_PATHS = "$(inherited) @executable_path/Frameworks @loader_path/Frameworks";
				PRODUCT_BUNDLE_IDENTIFIER = tech.EventryUITests;
				PRODUCT_NAME = "$(TARGET_NAME)";
				SWIFT_VERSION = 4.0;
				TARGETED_DEVICE_FAMILY = "1,2";
				TEST_TARGET_NAME = Eventry;
			};
			name = Release;
		};
/* End XCBuildConfiguration section */

/* Begin XCConfigurationList section */
		CC48E25A1FEBEF0700575908 /* Build configuration list for PBXProject "Eventry" */ = {
			isa = XCConfigurationList;
			buildConfigurations = (
				CC48E2851FEBEF0700575908 /* Debug */,
				CC48E2861FEBEF0700575908 /* Release */,
			);
			defaultConfigurationIsVisible = 0;
			defaultConfigurationName = Release;
		};
		CC48E2871FEBEF0700575908 /* Build configuration list for PBXNativeTarget "Eventry" */ = {
			isa = XCConfigurationList;
			buildConfigurations = (
				CC48E2881FEBEF0700575908 /* Debug */,
				CC48E2891FEBEF0700575908 /* Release */,
			);
			defaultConfigurationIsVisible = 0;
			defaultConfigurationName = Release;
		};
		CC48E28A1FEBEF0700575908 /* Build configuration list for PBXNativeTarget "EventryTests" */ = {
			isa = XCConfigurationList;
			buildConfigurations = (
				CC48E28B1FEBEF0700575908 /* Debug */,
				CC48E28C1FEBEF0700575908 /* Release */,
			);
			defaultConfigurationIsVisible = 0;
			defaultConfigurationName = Release;
		};
		CC48E28D1FEBEF0700575908 /* Build configuration list for PBXNativeTarget "EventryUITests" */ = {
			isa = XCConfigurationList;
			buildConfigurations = (
				CC48E28E1FEBEF0700575908 /* Debug */,
				CC48E28F1FEBEF0700575908 /* Release */,
			);
			defaultConfigurationIsVisible = 0;
			defaultConfigurationName = Release;
		};
/* End XCConfigurationList section */
	};
	rootObject = CC48E2571FEBEF0700575908 /* Project object */;
}
